// !$*UTF8*$!
{
	archiveVersion = 1;
	classes = {
	};
	objectVersion = 56;
	objects = {

/* Begin PBXBuildFile section */
		3A422B592BC5A53600E018AC /* PlayerCompareView.swift in Sources */ = {isa = PBXBuildFile; fileRef = 3A422B582BC5A53600E018AC /* PlayerCompareView.swift */; };
		3A422B5C2BC5A5CE00E018AC /* CompareSetupView.swift in Sources */ = {isa = PBXBuildFile; fileRef = 3A422B5B2BC5A5CE00E018AC /* CompareSetupView.swift */; };
		3A422B5E2BC5AE9F00E018AC /* PlayerCompareViewModel.swift in Sources */ = {isa = PBXBuildFile; fileRef = 3A422B5D2BC5AE9F00E018AC /* PlayerCompareViewModel.swift */; };
		3A422B602BC5E19600E018AC /* Team2.swift in Sources */ = {isa = PBXBuildFile; fileRef = 3A422B5F2BC5E19600E018AC /* Team2.swift */; };
		3A422B622BC5E1CC00E018AC /* Player2.swift in Sources */ = {isa = PBXBuildFile; fileRef = 3A422B612BC5E1CC00E018AC /* Player2.swift */; };
		3A6DDCCB2BDFE21800B82CB5 /* FollowButtonView.swift in Sources */ = {isa = PBXBuildFile; fileRef = 3A6DDCCA2BDFE21800B82CB5 /* FollowButtonView.swift */; };
		3ACB6E3C2BA3286A0030C24A /* ColorKit in Frameworks */ = {isa = PBXBuildFile; productRef = 3ACB6E3B2BA3286A0030C24A /* ColorKit */; };
		3ACB6E3E2BA46DFC0030C24A /* TeamRowView.swift in Sources */ = {isa = PBXBuildFile; fileRef = 3ACB6E3D2BA46DFC0030C24A /* TeamRowView.swift */; };
		3ACB6E402BA4DA8C0030C24A /* PlayerRowView.swift in Sources */ = {isa = PBXBuildFile; fileRef = 3ACB6E3F2BA4DA8C0030C24A /* PlayerRowView.swift */; };
		3ACB6E422BA658A30030C24A /* SplashView.swift in Sources */ = {isa = PBXBuildFile; fileRef = 3ACB6E412BA658A30030C24A /* SplashView.swift */; };
		3ACB6E442BAA46230030C24A /* NavButtonsView.swift in Sources */ = {isa = PBXBuildFile; fileRef = 3ACB6E432BAA46230030C24A /* NavButtonsView.swift */; };
		3ACE3D262BC32279003B6F26 /* CompareViewModel.swift in Sources */ = {isa = PBXBuildFile; fileRef = 3ACE3D252BC32279003B6F26 /* CompareViewModel.swift */; };
		3ACE3D282BC336A8003B6F26 /* SettingsViewModel.swift in Sources */ = {isa = PBXBuildFile; fileRef = 3ACE3D272BC336A8003B6F26 /* SettingsViewModel.swift */; };
		3AD2E2DE2BB7251D00D72667 /* SignInUpView.swift in Sources */ = {isa = PBXBuildFile; fileRef = 3AD2E2DD2BB7251D00D72667 /* SignInUpView.swift */; };
		3AD2E2E22BB9AD2600D72667 /* PlayerDataManager.swift in Sources */ = {isa = PBXBuildFile; fileRef = 3AD2E2E12BB9AD2600D72667 /* PlayerDataManager.swift */; };
		3AD2E2E42BB9D80500D72667 /* TeamDataManager.swift in Sources */ = {isa = PBXBuildFile; fileRef = 3AD2E2E32BB9D80500D72667 /* TeamDataManager.swift */; };
		3AD88D7D2BAB1F3B0040012E /* HomeViewModel.swift in Sources */ = {isa = PBXBuildFile; fileRef = 3AD88D7C2BAB1F3A0040012E /* HomeViewModel.swift */; };
		3AD88D7F2BAB20080040012E /* PlayerDetailViewModel.swift in Sources */ = {isa = PBXBuildFile; fileRef = 3AD88D7E2BAB20080040012E /* PlayerDetailViewModel.swift */; };
		3AD88D862BB4A43B0040012E /* player_select.mp3 in Resources */ = {isa = PBXBuildFile; fileRef = 3AD88D802BB4A43A0040012E /* player_select.mp3 */; };
		3AD88D872BB4A43B0040012E /* compare.mp3 in Resources */ = {isa = PBXBuildFile; fileRef = 3AD88D812BB4A43B0040012E /* compare.mp3 */; };
		3AD88D882BB4A43B0040012E /* success.mp3 in Resources */ = {isa = PBXBuildFile; fileRef = 3AD88D822BB4A43B0040012E /* success.mp3 */; };
		3AD88D892BB4A43B0040012E /* change_tabs.mp3 in Resources */ = {isa = PBXBuildFile; fileRef = 3AD88D832BB4A43B0040012E /* change_tabs.mp3 */; };
		3AD88D8A2BB4A43B0040012E /* no_results.mp3 in Resources */ = {isa = PBXBuildFile; fileRef = 3AD88D842BB4A43B0040012E /* no_results.mp3 */; };
		3AD88D8B2BB4A43B0040012E /* searching.mp3 in Resources */ = {isa = PBXBuildFile; fileRef = 3AD88D852BB4A43B0040012E /* searching.mp3 */; };
		3AD88D8D2BB503F20040012E /* TabBarLogoView.swift in Sources */ = {isa = PBXBuildFile; fileRef = 3AD88D8C2BB503F20040012E /* TabBarLogoView.swift */; };
		3ADCE4602BC9D534008E6E18 /* PlayerSearchView.swift in Sources */ = {isa = PBXBuildFile; fileRef = 3ADCE45F2BC9D534008E6E18 /* PlayerSearchView.swift */; };
		3ADCE4622BCD8B1E008E6E18 /* ContentLoaderView.swift in Sources */ = {isa = PBXBuildFile; fileRef = 3ADCE4612BCD8B1D008E6E18 /* ContentLoaderView.swift */; };
		3ADCE4652BCEB2C9008E6E18 /* AppManager.swift in Sources */ = {isa = PBXBuildFile; fileRef = 3ADCE4642BCEB2C9008E6E18 /* AppManager.swift */; };
		3ADCE4672BD4657A008E6E18 /* ChartView.swift in Sources */ = {isa = PBXBuildFile; fileRef = 3ADCE4662BD46579008E6E18 /* ChartView.swift */; };
		3AE156582BD9CA87001F2EE6 /* StatSelectView.swift in Sources */ = {isa = PBXBuildFile; fileRef = 3AE156572BD9CA87001F2EE6 /* StatSelectView.swift */; };
		3AE1DEEC2B9E90F4007AB9F9 /* TeamsView.swift in Sources */ = {isa = PBXBuildFile; fileRef = 3AE1DEEB2B9E90F4007AB9F9 /* TeamsView.swift */; };
		3AE1DEEE2B9E910D007AB9F9 /* PlayersView.swift in Sources */ = {isa = PBXBuildFile; fileRef = 3AE1DEED2B9E910D007AB9F9 /* PlayersView.swift */; };
		3AE1DEF02B9EC434007AB9F9 /* Game.swift in Sources */ = {isa = PBXBuildFile; fileRef = 3AE1DEEF2B9EC434007AB9F9 /* Game.swift */; };
		3AE1DEF22B9F9313007AB9F9 /* TeamDetailView.swift in Sources */ = {isa = PBXBuildFile; fileRef = 3AE1DEF12B9F9312007AB9F9 /* TeamDetailView.swift */; };
		3AE1DEF42BA11846007AB9F9 /* PlayerDetailView.swift in Sources */ = {isa = PBXBuildFile; fileRef = 3AE1DEF32BA11846007AB9F9 /* PlayerDetailView.swift */; };
		3AF765082B966108008C2FA3 /* StatBeastHoopsApp.swift in Sources */ = {isa = PBXBuildFile; fileRef = 3AF765072B966108008C2FA3 /* StatBeastHoopsApp.swift */; };
		3AF7650A2B966108008C2FA3 /* ContentView.swift in Sources */ = {isa = PBXBuildFile; fileRef = 3AF765092B966108008C2FA3 /* ContentView.swift */; };
		3AF7650C2B96610B008C2FA3 /* Assets.xcassets in Resources */ = {isa = PBXBuildFile; fileRef = 3AF7650B2B96610B008C2FA3 /* Assets.xcassets */; };
		3AF7650F2B96610B008C2FA3 /* Preview Assets.xcassets in Resources */ = {isa = PBXBuildFile; fileRef = 3AF7650E2B96610B008C2FA3 /* Preview Assets.xcassets */; };
		3AF765192B96610B008C2FA3 /* StatBeastHoopsTests.swift in Sources */ = {isa = PBXBuildFile; fileRef = 3AF765182B96610B008C2FA3 /* StatBeastHoopsTests.swift */; };
		3AF765232B96610C008C2FA3 /* StatBeastHoopsUITests.swift in Sources */ = {isa = PBXBuildFile; fileRef = 3AF765222B96610C008C2FA3 /* StatBeastHoopsUITests.swift */; };
		3AF765252B96610C008C2FA3 /* StatBeastHoopsUITestsLaunchTests.swift in Sources */ = {isa = PBXBuildFile; fileRef = 3AF765242B96610C008C2FA3 /* StatBeastHoopsUITestsLaunchTests.swift */; };
		3AF765362B966ADE008C2FA3 /* HomeView.swift in Sources */ = {isa = PBXBuildFile; fileRef = 3AF765352B966ADE008C2FA3 /* HomeView.swift */; };
		3AF765382B966B0A008C2FA3 /* CompareView.swift in Sources */ = {isa = PBXBuildFile; fileRef = 3AF765372B966B0A008C2FA3 /* CompareView.swift */; };
		3AF7653A2B966B3A008C2FA3 /* FavoritesView.swift in Sources */ = {isa = PBXBuildFile; fileRef = 3AF765392B966B3A008C2FA3 /* FavoritesView.swift */; };
		3AF7653C2B966B6E008C2FA3 /* SettingsView.swift in Sources */ = {isa = PBXBuildFile; fileRef = 3AF7653B2B966B6E008C2FA3 /* SettingsView.swift */; };
		3AF765442B976271008C2FA3 /* SoundsManager.swift in Sources */ = {isa = PBXBuildFile; fileRef = 3AF7653D2B976270008C2FA3 /* SoundsManager.swift */; };
		3AF765452B976271008C2FA3 /* API_Manager.swift in Sources */ = {isa = PBXBuildFile; fileRef = 3AF7653E2B976270008C2FA3 /* API_Manager.swift */; };
		3AF765462B976271008C2FA3 /* FavoritesManager.swift in Sources */ = {isa = PBXBuildFile; fileRef = 3AF7653F2B976270008C2FA3 /* FavoritesManager.swift */; };
		3AF765472B976271008C2FA3 /* LocationManager.swift in Sources */ = {isa = PBXBuildFile; fileRef = 3AF765402B976270008C2FA3 /* LocationManager.swift */; };
		3AF765482B976271008C2FA3 /* SettingsManager.swift in Sources */ = {isa = PBXBuildFile; fileRef = 3AF765412B976270008C2FA3 /* SettingsManager.swift */; };
		3AF765492B976271008C2FA3 /* AlertManager.swift in Sources */ = {isa = PBXBuildFile; fileRef = 3AF765422B976270008C2FA3 /* AlertManager.swift */; };
		3AF7654A2B976271008C2FA3 /* NetworkManager.swift in Sources */ = {isa = PBXBuildFile; fileRef = 3AF765432B976270008C2FA3 /* NetworkManager.swift */; };
		3AF765512B9762B9008C2FA3 /* Team.swift in Sources */ = {isa = PBXBuildFile; fileRef = 3AF7654B2B9762B9008C2FA3 /* Team.swift */; };
		3AF765522B9762B9008C2FA3 /* Player.swift in Sources */ = {isa = PBXBuildFile; fileRef = 3AF7654C2B9762B9008C2FA3 /* Player.swift */; };
		3AF765532B9762B9008C2FA3 /* PlayerStats.swift in Sources */ = {isa = PBXBuildFile; fileRef = 3AF7654D2B9762B9008C2FA3 /* PlayerStats.swift */; };
		3AF765542B9762B9008C2FA3 /* Conditions.swift in Sources */ = {isa = PBXBuildFile; fileRef = 3AF7654E2B9762B9008C2FA3 /* Conditions.swift */; };
		3AF765552B9762B9008C2FA3 /* TeamStats.swift in Sources */ = {isa = PBXBuildFile; fileRef = 3AF7654F2B9762B9008C2FA3 /* TeamStats.swift */; };
		3AF765562B9762B9008C2FA3 /* Tab.swift in Sources */ = {isa = PBXBuildFile; fileRef = 3AF765502B9762B9008C2FA3 /* Tab.swift */; };
		3AF765582B97A3DC008C2FA3 /* TestFile.swift in Sources */ = {isa = PBXBuildFile; fileRef = 3AF765572B97A3DC008C2FA3 /* TestFile.swift */; };
		3AF7655A2B97C0BA008C2FA3 /* DataManager.swift in Sources */ = {isa = PBXBuildFile; fileRef = 3AF765592B97C0BA008C2FA3 /* DataManager.swift */; };
/* End PBXBuildFile section */

/* Begin PBXContainerItemProxy section */
		3AF765152B96610B008C2FA3 /* PBXContainerItemProxy */ = {
			isa = PBXContainerItemProxy;
			containerPortal = 3AF764FC2B966108008C2FA3 /* Project object */;
			proxyType = 1;
			remoteGlobalIDString = 3AF765032B966108008C2FA3;
			remoteInfo = StatBeastHoops;
		};
		3AF7651F2B96610C008C2FA3 /* PBXContainerItemProxy */ = {
			isa = PBXContainerItemProxy;
			containerPortal = 3AF764FC2B966108008C2FA3 /* Project object */;
			proxyType = 1;
			remoteGlobalIDString = 3AF765032B966108008C2FA3;
			remoteInfo = StatBeastHoops;
		};
/* End PBXContainerItemProxy section */

/* Begin PBXFileReference section */
		3A422B582BC5A53600E018AC /* PlayerCompareView.swift */ = {isa = PBXFileReference; lastKnownFileType = sourcecode.swift; path = PlayerCompareView.swift; sourceTree = "<group>"; };
		3A422B5B2BC5A5CE00E018AC /* CompareSetupView.swift */ = {isa = PBXFileReference; lastKnownFileType = sourcecode.swift; path = CompareSetupView.swift; sourceTree = "<group>"; };
		3A422B5D2BC5AE9F00E018AC /* PlayerCompareViewModel.swift */ = {isa = PBXFileReference; lastKnownFileType = sourcecode.swift; path = PlayerCompareViewModel.swift; sourceTree = "<group>"; };
		3A422B5F2BC5E19600E018AC /* Team2.swift */ = {isa = PBXFileReference; lastKnownFileType = sourcecode.swift; path = Team2.swift; sourceTree = "<group>"; };
		3A422B612BC5E1CC00E018AC /* Player2.swift */ = {isa = PBXFileReference; lastKnownFileType = sourcecode.swift; path = Player2.swift; sourceTree = "<group>"; };
		3A6DDCCA2BDFE21800B82CB5 /* FollowButtonView.swift */ = {isa = PBXFileReference; lastKnownFileType = sourcecode.swift; path = FollowButtonView.swift; sourceTree = "<group>"; };
		3ACB6E3D2BA46DFC0030C24A /* TeamRowView.swift */ = {isa = PBXFileReference; lastKnownFileType = sourcecode.swift; path = TeamRowView.swift; sourceTree = "<group>"; };
		3ACB6E3F2BA4DA8C0030C24A /* PlayerRowView.swift */ = {isa = PBXFileReference; lastKnownFileType = sourcecode.swift; path = PlayerRowView.swift; sourceTree = "<group>"; };
		3ACB6E412BA658A30030C24A /* SplashView.swift */ = {isa = PBXFileReference; lastKnownFileType = sourcecode.swift; path = SplashView.swift; sourceTree = "<group>"; };
		3ACB6E432BAA46230030C24A /* NavButtonsView.swift */ = {isa = PBXFileReference; lastKnownFileType = sourcecode.swift; path = NavButtonsView.swift; sourceTree = "<group>"; };
		3ACE3D252BC32279003B6F26 /* CompareViewModel.swift */ = {isa = PBXFileReference; lastKnownFileType = sourcecode.swift; path = CompareViewModel.swift; sourceTree = "<group>"; };
		3ACE3D272BC336A8003B6F26 /* SettingsViewModel.swift */ = {isa = PBXFileReference; lastKnownFileType = sourcecode.swift; path = SettingsViewModel.swift; sourceTree = "<group>"; };
		3AD2E2DD2BB7251D00D72667 /* SignInUpView.swift */ = {isa = PBXFileReference; lastKnownFileType = sourcecode.swift; path = SignInUpView.swift; sourceTree = "<group>"; };
		3AD2E2E12BB9AD2600D72667 /* PlayerDataManager.swift */ = {isa = PBXFileReference; lastKnownFileType = sourcecode.swift; path = PlayerDataManager.swift; sourceTree = "<group>"; };
		3AD2E2E32BB9D80500D72667 /* TeamDataManager.swift */ = {isa = PBXFileReference; lastKnownFileType = sourcecode.swift; path = TeamDataManager.swift; sourceTree = "<group>"; };
		3AD88D7C2BAB1F3A0040012E /* HomeViewModel.swift */ = {isa = PBXFileReference; lastKnownFileType = sourcecode.swift; path = HomeViewModel.swift; sourceTree = "<group>"; };
		3AD88D7E2BAB20080040012E /* PlayerDetailViewModel.swift */ = {isa = PBXFileReference; lastKnownFileType = sourcecode.swift; path = PlayerDetailViewModel.swift; sourceTree = "<group>"; };
		3AD88D802BB4A43A0040012E /* player_select.mp3 */ = {isa = PBXFileReference; lastKnownFileType = audio.mp3; path = player_select.mp3; sourceTree = "<group>"; };
		3AD88D812BB4A43B0040012E /* compare.mp3 */ = {isa = PBXFileReference; lastKnownFileType = audio.mp3; path = compare.mp3; sourceTree = "<group>"; };
		3AD88D822BB4A43B0040012E /* success.mp3 */ = {isa = PBXFileReference; lastKnownFileType = audio.mp3; path = success.mp3; sourceTree = "<group>"; };
		3AD88D832BB4A43B0040012E /* change_tabs.mp3 */ = {isa = PBXFileReference; lastKnownFileType = audio.mp3; path = change_tabs.mp3; sourceTree = "<group>"; };
		3AD88D842BB4A43B0040012E /* no_results.mp3 */ = {isa = PBXFileReference; lastKnownFileType = audio.mp3; path = no_results.mp3; sourceTree = "<group>"; };
		3AD88D852BB4A43B0040012E /* searching.mp3 */ = {isa = PBXFileReference; lastKnownFileType = audio.mp3; path = searching.mp3; sourceTree = "<group>"; };
		3AD88D8C2BB503F20040012E /* TabBarLogoView.swift */ = {isa = PBXFileReference; lastKnownFileType = sourcecode.swift; path = TabBarLogoView.swift; sourceTree = "<group>"; };
		3ADCE45F2BC9D534008E6E18 /* PlayerSearchView.swift */ = {isa = PBXFileReference; lastKnownFileType = sourcecode.swift; path = PlayerSearchView.swift; sourceTree = "<group>"; };
		3ADCE4612BCD8B1D008E6E18 /* ContentLoaderView.swift */ = {isa = PBXFileReference; lastKnownFileType = sourcecode.swift; path = ContentLoaderView.swift; sourceTree = "<group>"; };
		3ADCE4642BCEB2C9008E6E18 /* AppManager.swift */ = {isa = PBXFileReference; lastKnownFileType = sourcecode.swift; path = AppManager.swift; sourceTree = "<group>"; };
		3ADCE4662BD46579008E6E18 /* ChartView.swift */ = {isa = PBXFileReference; lastKnownFileType = sourcecode.swift; path = ChartView.swift; sourceTree = "<group>"; };
		3AE156572BD9CA87001F2EE6 /* StatSelectView.swift */ = {isa = PBXFileReference; lastKnownFileType = sourcecode.swift; path = StatSelectView.swift; sourceTree = "<group>"; };
		3AE1DEEB2B9E90F4007AB9F9 /* TeamsView.swift */ = {isa = PBXFileReference; lastKnownFileType = sourcecode.swift; path = TeamsView.swift; sourceTree = "<group>"; };
		3AE1DEED2B9E910D007AB9F9 /* PlayersView.swift */ = {isa = PBXFileReference; lastKnownFileType = sourcecode.swift; path = PlayersView.swift; sourceTree = "<group>"; };
		3AE1DEEF2B9EC434007AB9F9 /* Game.swift */ = {isa = PBXFileReference; lastKnownFileType = sourcecode.swift; path = Game.swift; sourceTree = "<group>"; };
		3AE1DEF12B9F9312007AB9F9 /* TeamDetailView.swift */ = {isa = PBXFileReference; lastKnownFileType = sourcecode.swift; path = TeamDetailView.swift; sourceTree = "<group>"; };
		3AE1DEF32BA11846007AB9F9 /* PlayerDetailView.swift */ = {isa = PBXFileReference; lastKnownFileType = sourcecode.swift; path = PlayerDetailView.swift; sourceTree = "<group>"; };
		3AF765042B966108008C2FA3 /* StatBeastHoops.app */ = {isa = PBXFileReference; explicitFileType = wrapper.application; includeInIndex = 0; path = StatBeastHoops.app; sourceTree = BUILT_PRODUCTS_DIR; };
		3AF765072B966108008C2FA3 /* StatBeastHoopsApp.swift */ = {isa = PBXFileReference; lastKnownFileType = sourcecode.swift; path = StatBeastHoopsApp.swift; sourceTree = "<group>"; };
		3AF765092B966108008C2FA3 /* ContentView.swift */ = {isa = PBXFileReference; lastKnownFileType = sourcecode.swift; path = ContentView.swift; sourceTree = "<group>"; };
		3AF7650B2B96610B008C2FA3 /* Assets.xcassets */ = {isa = PBXFileReference; lastKnownFileType = folder.assetcatalog; path = Assets.xcassets; sourceTree = "<group>"; };
		3AF7650E2B96610B008C2FA3 /* Preview Assets.xcassets */ = {isa = PBXFileReference; lastKnownFileType = folder.assetcatalog; path = "Preview Assets.xcassets"; sourceTree = "<group>"; };
		3AF765142B96610B008C2FA3 /* StatBeastHoopsTests.xctest */ = {isa = PBXFileReference; explicitFileType = wrapper.cfbundle; includeInIndex = 0; path = StatBeastHoopsTests.xctest; sourceTree = BUILT_PRODUCTS_DIR; };
		3AF765182B96610B008C2FA3 /* StatBeastHoopsTests.swift */ = {isa = PBXFileReference; lastKnownFileType = sourcecode.swift; path = StatBeastHoopsTests.swift; sourceTree = "<group>"; };
		3AF7651E2B96610C008C2FA3 /* StatBeastHoopsUITests.xctest */ = {isa = PBXFileReference; explicitFileType = wrapper.cfbundle; includeInIndex = 0; path = StatBeastHoopsUITests.xctest; sourceTree = BUILT_PRODUCTS_DIR; };
		3AF765222B96610C008C2FA3 /* StatBeastHoopsUITests.swift */ = {isa = PBXFileReference; lastKnownFileType = sourcecode.swift; path = StatBeastHoopsUITests.swift; sourceTree = "<group>"; };
		3AF765242B96610C008C2FA3 /* StatBeastHoopsUITestsLaunchTests.swift */ = {isa = PBXFileReference; lastKnownFileType = sourcecode.swift; path = StatBeastHoopsUITestsLaunchTests.swift; sourceTree = "<group>"; };
		3AF765352B966ADE008C2FA3 /* HomeView.swift */ = {isa = PBXFileReference; lastKnownFileType = sourcecode.swift; path = HomeView.swift; sourceTree = "<group>"; };
		3AF765372B966B0A008C2FA3 /* CompareView.swift */ = {isa = PBXFileReference; lastKnownFileType = sourcecode.swift; path = CompareView.swift; sourceTree = "<group>"; };
		3AF765392B966B3A008C2FA3 /* FavoritesView.swift */ = {isa = PBXFileReference; lastKnownFileType = sourcecode.swift; path = FavoritesView.swift; sourceTree = "<group>"; };
		3AF7653B2B966B6E008C2FA3 /* SettingsView.swift */ = {isa = PBXFileReference; lastKnownFileType = sourcecode.swift; path = SettingsView.swift; sourceTree = "<group>"; };
		3AF7653D2B976270008C2FA3 /* SoundsManager.swift */ = {isa = PBXFileReference; fileEncoding = 4; lastKnownFileType = sourcecode.swift; path = SoundsManager.swift; sourceTree = "<group>"; };
		3AF7653E2B976270008C2FA3 /* API_Manager.swift */ = {isa = PBXFileReference; fileEncoding = 4; lastKnownFileType = sourcecode.swift; path = API_Manager.swift; sourceTree = "<group>"; };
		3AF7653F2B976270008C2FA3 /* FavoritesManager.swift */ = {isa = PBXFileReference; fileEncoding = 4; lastKnownFileType = sourcecode.swift; path = FavoritesManager.swift; sourceTree = "<group>"; };
		3AF765402B976270008C2FA3 /* LocationManager.swift */ = {isa = PBXFileReference; fileEncoding = 4; lastKnownFileType = sourcecode.swift; path = LocationManager.swift; sourceTree = "<group>"; };
		3AF765412B976270008C2FA3 /* SettingsManager.swift */ = {isa = PBXFileReference; fileEncoding = 4; lastKnownFileType = sourcecode.swift; path = SettingsManager.swift; sourceTree = "<group>"; };
		3AF765422B976270008C2FA3 /* AlertManager.swift */ = {isa = PBXFileReference; fileEncoding = 4; lastKnownFileType = sourcecode.swift; path = AlertManager.swift; sourceTree = "<group>"; };
		3AF765432B976270008C2FA3 /* NetworkManager.swift */ = {isa = PBXFileReference; fileEncoding = 4; lastKnownFileType = sourcecode.swift; path = NetworkManager.swift; sourceTree = "<group>"; };
		3AF7654B2B9762B9008C2FA3 /* Team.swift */ = {isa = PBXFileReference; fileEncoding = 4; lastKnownFileType = sourcecode.swift; path = Team.swift; sourceTree = "<group>"; };
		3AF7654C2B9762B9008C2FA3 /* Player.swift */ = {isa = PBXFileReference; fileEncoding = 4; lastKnownFileType = sourcecode.swift; path = Player.swift; sourceTree = "<group>"; };
		3AF7654D2B9762B9008C2FA3 /* PlayerStats.swift */ = {isa = PBXFileReference; fileEncoding = 4; lastKnownFileType = sourcecode.swift; path = PlayerStats.swift; sourceTree = "<group>"; };
		3AF7654E2B9762B9008C2FA3 /* Conditions.swift */ = {isa = PBXFileReference; fileEncoding = 4; lastKnownFileType = sourcecode.swift; path = Conditions.swift; sourceTree = "<group>"; };
		3AF7654F2B9762B9008C2FA3 /* TeamStats.swift */ = {isa = PBXFileReference; fileEncoding = 4; lastKnownFileType = sourcecode.swift; path = TeamStats.swift; sourceTree = "<group>"; };
		3AF765502B9762B9008C2FA3 /* Tab.swift */ = {isa = PBXFileReference; fileEncoding = 4; lastKnownFileType = sourcecode.swift; path = Tab.swift; sourceTree = "<group>"; };
		3AF765572B97A3DC008C2FA3 /* TestFile.swift */ = {isa = PBXFileReference; lastKnownFileType = sourcecode.swift; path = TestFile.swift; sourceTree = "<group>"; };
		3AF765592B97C0BA008C2FA3 /* DataManager.swift */ = {isa = PBXFileReference; lastKnownFileType = sourcecode.swift; path = DataManager.swift; sourceTree = "<group>"; };
/* End PBXFileReference section */

/* Begin PBXFrameworksBuildPhase section */
		3AF765012B966108008C2FA3 /* Frameworks */ = {
			isa = PBXFrameworksBuildPhase;
			buildActionMask = 2147483647;
			files = (
				3ACB6E3C2BA3286A0030C24A /* ColorKit in Frameworks */,
			);
			runOnlyForDeploymentPostprocessing = 0;
		};
		3AF765112B96610B008C2FA3 /* Frameworks */ = {
			isa = PBXFrameworksBuildPhase;
			buildActionMask = 2147483647;
			files = (
			);
			runOnlyForDeploymentPostprocessing = 0;
		};
		3AF7651B2B96610C008C2FA3 /* Frameworks */ = {
			isa = PBXFrameworksBuildPhase;
			buildActionMask = 2147483647;
			files = (
			);
			runOnlyForDeploymentPostprocessing = 0;
		};
/* End PBXFrameworksBuildPhase section */

/* Begin PBXGroup section */
		3A422B5A2BC5A58000E018AC /* Player Compare Views */ = {
			isa = PBXGroup;
			children = (
				3A422B582BC5A53600E018AC /* PlayerCompareView.swift */,
				3A422B5B2BC5A5CE00E018AC /* CompareSetupView.swift */,
				3ADCE45F2BC9D534008E6E18 /* PlayerSearchView.swift */,
			);
			path = "Player Compare Views";
			sourceTree = "<group>";
		};
		3ADCE4632BCEB245008E6E18 /* Managers */ = {
			isa = PBXGroup;
			children = (
				3ADCE4642BCEB2C9008E6E18 /* AppManager.swift */,
				3AF765422B976270008C2FA3 /* AlertManager.swift */,
				3AF7653E2B976270008C2FA3 /* API_Manager.swift */,
				3AF7653F2B976270008C2FA3 /* FavoritesManager.swift */,
				3AF765402B976270008C2FA3 /* LocationManager.swift */,
				3AF765432B976270008C2FA3 /* NetworkManager.swift */,
				3AF765412B976270008C2FA3 /* SettingsManager.swift */,
				3AF7653D2B976270008C2FA3 /* SoundsManager.swift */,
				3AD2E2E12BB9AD2600D72667 /* PlayerDataManager.swift */,
				3AD2E2E32BB9D80500D72667 /* TeamDataManager.swift */,
				3AF765592B97C0BA008C2FA3 /* DataManager.swift */,
			);
			path = Managers;
			sourceTree = "<group>";
		};
		3AF764FB2B966108008C2FA3 = {
			isa = PBXGroup;
			children = (
				3AF765062B966108008C2FA3 /* StatBeastHoops */,
				3AF765172B96610B008C2FA3 /* StatBeastHoopsTests */,
				3AF765212B96610C008C2FA3 /* StatBeastHoopsUITests */,
				3AF765052B966108008C2FA3 /* Products */,
			);
			sourceTree = "<group>";
		};
		3AF765052B966108008C2FA3 /* Products */ = {
			isa = PBXGroup;
			children = (
				3AF765042B966108008C2FA3 /* StatBeastHoops.app */,
				3AF765142B96610B008C2FA3 /* StatBeastHoopsTests.xctest */,
				3AF7651E2B96610C008C2FA3 /* StatBeastHoopsUITests.xctest */,
			);
			name = Products;
			sourceTree = "<group>";
		};
		3AF765062B966108008C2FA3 /* StatBeastHoops */ = {
			isa = PBXGroup;
			children = (
				3AF765072B966108008C2FA3 /* StatBeastHoopsApp.swift */,
				3ADCE4632BCEB245008E6E18 /* Managers */,
				3AF765322B966A31008C2FA3 /* ViewModels */,
				3AF765332B966A3F008C2FA3 /* Models */,
				3AF765342B966A59008C2FA3 /* Views */,
				3AF765312B966A18008C2FA3 /* Components */,
				3AF7650B2B96610B008C2FA3 /* Assets.xcassets */,
				3AD88D832BB4A43B0040012E /* change_tabs.mp3 */,
				3AD88D812BB4A43B0040012E /* compare.mp3 */,
				3AD88D842BB4A43B0040012E /* no_results.mp3 */,
				3AD88D802BB4A43A0040012E /* player_select.mp3 */,
				3AD88D852BB4A43B0040012E /* searching.mp3 */,
				3AD88D822BB4A43B0040012E /* success.mp3 */,
				3AF7650D2B96610B008C2FA3 /* Preview Content */,
			);
			path = StatBeastHoops;
			sourceTree = "<group>";
		};
		3AF7650D2B96610B008C2FA3 /* Preview Content */ = {
			isa = PBXGroup;
			children = (
				3AF7650E2B96610B008C2FA3 /* Preview Assets.xcassets */,
			);
			path = "Preview Content";
			sourceTree = "<group>";
		};
		3AF765172B96610B008C2FA3 /* StatBeastHoopsTests */ = {
			isa = PBXGroup;
			children = (
				3AF765182B96610B008C2FA3 /* StatBeastHoopsTests.swift */,
			);
			path = StatBeastHoopsTests;
			sourceTree = "<group>";
		};
		3AF765212B96610C008C2FA3 /* StatBeastHoopsUITests */ = {
			isa = PBXGroup;
			children = (
				3AF765222B96610C008C2FA3 /* StatBeastHoopsUITests.swift */,
				3AF765242B96610C008C2FA3 /* StatBeastHoopsUITestsLaunchTests.swift */,
			);
			path = StatBeastHoopsUITests;
			sourceTree = "<group>";
		};
		3AF765312B966A18008C2FA3 /* Components */ = {
			isa = PBXGroup;
			children = (
				3ADCE4612BCD8B1D008E6E18 /* ContentLoaderView.swift */,
				3ACB6E432BAA46230030C24A /* NavButtonsView.swift */,
				3ACB6E3F2BA4DA8C0030C24A /* PlayerRowView.swift */,
				3ACB6E3D2BA46DFC0030C24A /* TeamRowView.swift */,
				3AD88D8C2BB503F20040012E /* TabBarLogoView.swift */,
				3A6DDCCA2BDFE21800B82CB5 /* FollowButtonView.swift */,
			);
			path = Components;
			sourceTree = "<group>";
		};
		3AF765322B966A31008C2FA3 /* ViewModels */ = {
			isa = PBXGroup;
			children = (
				3AF765572B97A3DC008C2FA3 /* TestFile.swift */,
				3AD88D7C2BAB1F3A0040012E /* HomeViewModel.swift */,
				3AD88D7E2BAB20080040012E /* PlayerDetailViewModel.swift */,
				3ACE3D252BC32279003B6F26 /* CompareViewModel.swift */,
				3ACE3D272BC336A8003B6F26 /* SettingsViewModel.swift */,
				3A422B5D2BC5AE9F00E018AC /* PlayerCompareViewModel.swift */,
			);
			path = ViewModels;
			sourceTree = "<group>";
		};
		3AF765332B966A3F008C2FA3 /* Models */ = {
			isa = PBXGroup;
			children = (
				3AF765502B9762B9008C2FA3 /* Tab.swift */,
				3AF7654E2B9762B9008C2FA3 /* Conditions.swift */,
				3AF7654C2B9762B9008C2FA3 /* Player.swift */,
				3AF7654D2B9762B9008C2FA3 /* PlayerStats.swift */,
				3AF7654B2B9762B9008C2FA3 /* Team.swift */,
				3AF7654F2B9762B9008C2FA3 /* TeamStats.swift */,
				3AE1DEEF2B9EC434007AB9F9 /* Game.swift */,
				3A422B5F2BC5E19600E018AC /* Team2.swift */,
				3A422B612BC5E1CC00E018AC /* Player2.swift */,
			);
			path = Models;
			sourceTree = "<group>";
		};
		3AF765342B966A59008C2FA3 /* Views */ = {
			isa = PBXGroup;
			children = (
				3ACB6E412BA658A30030C24A /* SplashView.swift */,
				3AF765092B966108008C2FA3 /* ContentView.swift */,
				3AF765352B966ADE008C2FA3 /* HomeView.swift */,
				3AF765372B966B0A008C2FA3 /* CompareView.swift */,
				3AF765392B966B3A008C2FA3 /* FavoritesView.swift */,
				3AE1DEED2B9E910D007AB9F9 /* PlayersView.swift */,
				3AE1DEF32BA11846007AB9F9 /* PlayerDetailView.swift */,
				3ADCE4662BD46579008E6E18 /* ChartView.swift */,
				3AE156572BD9CA87001F2EE6 /* StatSelectView.swift */,
				3AE1DEEB2B9E90F4007AB9F9 /* TeamsView.swift */,
				3AE1DEF12B9F9312007AB9F9 /* TeamDetailView.swift */,
				3AF7653B2B966B6E008C2FA3 /* SettingsView.swift */,
				3AD2E2DD2BB7251D00D72667 /* SignInUpView.swift */,
				3A422B5A2BC5A58000E018AC /* Player Compare Views */,
			);
			path = Views;
			sourceTree = "<group>";
		};
/* End PBXGroup section */

/* Begin PBXNativeTarget section */
		3AF765032B966108008C2FA3 /* StatBeastHoops */ = {
			isa = PBXNativeTarget;
			buildConfigurationList = 3AF765282B96610C008C2FA3 /* Build configuration list for PBXNativeTarget "StatBeastHoops" */;
			buildPhases = (
				3AF765002B966108008C2FA3 /* Sources */,
				3AF765012B966108008C2FA3 /* Frameworks */,
				3AF765022B966108008C2FA3 /* Resources */,
			);
			buildRules = (
			);
			dependencies = (
			);
			name = StatBeastHoops;
			packageProductDependencies = (
				3ACB6E3B2BA3286A0030C24A /* ColorKit */,
			);
			productName = StatBeastHoops;
			productReference = 3AF765042B966108008C2FA3 /* StatBeastHoops.app */;
			productType = "com.apple.product-type.application";
		};
		3AF765132B96610B008C2FA3 /* StatBeastHoopsTests */ = {
			isa = PBXNativeTarget;
			buildConfigurationList = 3AF7652B2B96610C008C2FA3 /* Build configuration list for PBXNativeTarget "StatBeastHoopsTests" */;
			buildPhases = (
				3AF765102B96610B008C2FA3 /* Sources */,
				3AF765112B96610B008C2FA3 /* Frameworks */,
				3AF765122B96610B008C2FA3 /* Resources */,
			);
			buildRules = (
			);
			dependencies = (
				3AF765162B96610B008C2FA3 /* PBXTargetDependency */,
			);
			name = StatBeastHoopsTests;
			productName = StatBeastHoopsTests;
			productReference = 3AF765142B96610B008C2FA3 /* StatBeastHoopsTests.xctest */;
			productType = "com.apple.product-type.bundle.unit-test";
		};
		3AF7651D2B96610C008C2FA3 /* StatBeastHoopsUITests */ = {
			isa = PBXNativeTarget;
			buildConfigurationList = 3AF7652E2B96610C008C2FA3 /* Build configuration list for PBXNativeTarget "StatBeastHoopsUITests" */;
			buildPhases = (
				3AF7651A2B96610C008C2FA3 /* Sources */,
				3AF7651B2B96610C008C2FA3 /* Frameworks */,
				3AF7651C2B96610C008C2FA3 /* Resources */,
			);
			buildRules = (
			);
			dependencies = (
				3AF765202B96610C008C2FA3 /* PBXTargetDependency */,
			);
			name = StatBeastHoopsUITests;
			productName = StatBeastHoopsUITests;
			productReference = 3AF7651E2B96610C008C2FA3 /* StatBeastHoopsUITests.xctest */;
			productType = "com.apple.product-type.bundle.ui-testing";
		};
/* End PBXNativeTarget section */

/* Begin PBXProject section */
		3AF764FC2B966108008C2FA3 /* Project object */ = {
			isa = PBXProject;
			attributes = {
				BuildIndependentTargetsInParallel = 1;
				LastSwiftUpdateCheck = 1520;
				LastUpgradeCheck = 1520;
				TargetAttributes = {
					3AF765032B966108008C2FA3 = {
						CreatedOnToolsVersion = 15.2;
					};
					3AF765132B96610B008C2FA3 = {
						CreatedOnToolsVersion = 15.2;
						TestTargetID = 3AF765032B966108008C2FA3;
					};
					3AF7651D2B96610C008C2FA3 = {
						CreatedOnToolsVersion = 15.2;
						TestTargetID = 3AF765032B966108008C2FA3;
					};
				};
			};
			buildConfigurationList = 3AF764FF2B966108008C2FA3 /* Build configuration list for PBXProject "StatBeastHoops" */;
			compatibilityVersion = "Xcode 14.0";
			developmentRegion = en;
			hasScannedForEncodings = 0;
			knownRegions = (
				en,
				Base,
			);
			mainGroup = 3AF764FB2B966108008C2FA3;
			packageReferences = (
				3ACB6E3A2BA3286A0030C24A /* XCRemoteSwiftPackageReference "ColorKit" */,
			);
			productRefGroup = 3AF765052B966108008C2FA3 /* Products */;
			projectDirPath = "";
			projectRoot = "";
			targets = (
				3AF765032B966108008C2FA3 /* StatBeastHoops */,
				3AF765132B96610B008C2FA3 /* StatBeastHoopsTests */,
				3AF7651D2B96610C008C2FA3 /* StatBeastHoopsUITests */,
			);
		};
/* End PBXProject section */

/* Begin PBXResourcesBuildPhase section */
		3AF765022B966108008C2FA3 /* Resources */ = {
			isa = PBXResourcesBuildPhase;
			buildActionMask = 2147483647;
			files = (
				3AD88D872BB4A43B0040012E /* compare.mp3 in Resources */,
				3AF7650F2B96610B008C2FA3 /* Preview Assets.xcassets in Resources */,
				3AD88D882BB4A43B0040012E /* success.mp3 in Resources */,
				3AD88D862BB4A43B0040012E /* player_select.mp3 in Resources */,
				3AD88D892BB4A43B0040012E /* change_tabs.mp3 in Resources */,
				3AF7650C2B96610B008C2FA3 /* Assets.xcassets in Resources */,
				3AD88D8A2BB4A43B0040012E /* no_results.mp3 in Resources */,
				3AD88D8B2BB4A43B0040012E /* searching.mp3 in Resources */,
			);
			runOnlyForDeploymentPostprocessing = 0;
		};
		3AF765122B96610B008C2FA3 /* Resources */ = {
			isa = PBXResourcesBuildPhase;
			buildActionMask = 2147483647;
			files = (
			);
			runOnlyForDeploymentPostprocessing = 0;
		};
		3AF7651C2B96610C008C2FA3 /* Resources */ = {
			isa = PBXResourcesBuildPhase;
			buildActionMask = 2147483647;
			files = (
			);
			runOnlyForDeploymentPostprocessing = 0;
		};
/* End PBXResourcesBuildPhase section */

/* Begin PBXSourcesBuildPhase section */
		3AF765002B966108008C2FA3 /* Sources */ = {
			isa = PBXSourcesBuildPhase;
			buildActionMask = 2147483647;
			files = (
				3AE1DEEE2B9E910D007AB9F9 /* PlayersView.swift in Sources */,
				3AF765552B9762B9008C2FA3 /* TeamStats.swift in Sources */,
				3AD88D7F2BAB20080040012E /* PlayerDetailViewModel.swift in Sources */,
				3A422B592BC5A53600E018AC /* PlayerCompareView.swift in Sources */,
				3ACB6E442BAA46230030C24A /* NavButtonsView.swift in Sources */,
				3AE1DEF42BA11846007AB9F9 /* PlayerDetailView.swift in Sources */,
				3ACE3D282BC336A8003B6F26 /* SettingsViewModel.swift in Sources */,
				3ADCE4672BD4657A008E6E18 /* ChartView.swift in Sources */,
				3AF765452B976271008C2FA3 /* API_Manager.swift in Sources */,
				3AF765442B976271008C2FA3 /* SoundsManager.swift in Sources */,
				3ADCE4622BCD8B1E008E6E18 /* ContentLoaderView.swift in Sources */,
				3AF765512B9762B9008C2FA3 /* Team.swift in Sources */,
				3ACB6E402BA4DA8C0030C24A /* PlayerRowView.swift in Sources */,
				3AF765472B976271008C2FA3 /* LocationManager.swift in Sources */,
				3A6DDCCB2BDFE21800B82CB5 /* FollowButtonView.swift in Sources */,
				3AF7654A2B976271008C2FA3 /* NetworkManager.swift in Sources */,
				3AE1DEF02B9EC434007AB9F9 /* Game.swift in Sources */,
				3AF765542B9762B9008C2FA3 /* Conditions.swift in Sources */,
				3AE1DEEC2B9E90F4007AB9F9 /* TeamsView.swift in Sources */,
				3AF7653A2B966B3A008C2FA3 /* FavoritesView.swift in Sources */,
				3AF765362B966ADE008C2FA3 /* HomeView.swift in Sources */,
				3AF7650A2B966108008C2FA3 /* ContentView.swift in Sources */,
				3ADCE4602BC9D534008E6E18 /* PlayerSearchView.swift in Sources */,
				3AE156582BD9CA87001F2EE6 /* StatSelectView.swift in Sources */,
				3A422B622BC5E1CC00E018AC /* Player2.swift in Sources */,
				3AE1DEF22B9F9313007AB9F9 /* TeamDetailView.swift in Sources */,
				3A422B5C2BC5A5CE00E018AC /* CompareSetupView.swift in Sources */,
				3A422B5E2BC5AE9F00E018AC /* PlayerCompareViewModel.swift in Sources */,
				3AF7655A2B97C0BA008C2FA3 /* DataManager.swift in Sources */,
				3AF765532B9762B9008C2FA3 /* PlayerStats.swift in Sources */,
				3AF765562B9762B9008C2FA3 /* Tab.swift in Sources */,
				3AF7653C2B966B6E008C2FA3 /* SettingsView.swift in Sources */,
				3AF765582B97A3DC008C2FA3 /* TestFile.swift in Sources */,
				3AF765382B966B0A008C2FA3 /* CompareView.swift in Sources */,
				3ADCE4652BCEB2C9008E6E18 /* AppManager.swift in Sources */,
				3AF765492B976271008C2FA3 /* AlertManager.swift in Sources */,
				3A422B602BC5E19600E018AC /* Team2.swift in Sources */,
				3AD2E2E22BB9AD2600D72667 /* PlayerDataManager.swift in Sources */,
				3AD88D8D2BB503F20040012E /* TabBarLogoView.swift in Sources */,
				3AF765462B976271008C2FA3 /* FavoritesManager.swift in Sources */,
				3AD2E2E42BB9D80500D72667 /* TeamDataManager.swift in Sources */,
				3AD2E2DE2BB7251D00D72667 /* SignInUpView.swift in Sources */,
				3AF765482B976271008C2FA3 /* SettingsManager.swift in Sources */,
				3ACB6E3E2BA46DFC0030C24A /* TeamRowView.swift in Sources */,
				3ACE3D262BC32279003B6F26 /* CompareViewModel.swift in Sources */,
				3ACB6E422BA658A30030C24A /* SplashView.swift in Sources */,
				3AF765522B9762B9008C2FA3 /* Player.swift in Sources */,
				3AD88D7D2BAB1F3B0040012E /* HomeViewModel.swift in Sources */,
				3AF765082B966108008C2FA3 /* StatBeastHoopsApp.swift in Sources */,
			);
			runOnlyForDeploymentPostprocessing = 0;
		};
		3AF765102B96610B008C2FA3 /* Sources */ = {
			isa = PBXSourcesBuildPhase;
			buildActionMask = 2147483647;
			files = (
				3AF765192B96610B008C2FA3 /* StatBeastHoopsTests.swift in Sources */,
			);
			runOnlyForDeploymentPostprocessing = 0;
		};
		3AF7651A2B96610C008C2FA3 /* Sources */ = {
			isa = PBXSourcesBuildPhase;
			buildActionMask = 2147483647;
			files = (
				3AF765252B96610C008C2FA3 /* StatBeastHoopsUITestsLaunchTests.swift in Sources */,
				3AF765232B96610C008C2FA3 /* StatBeastHoopsUITests.swift in Sources */,
			);
			runOnlyForDeploymentPostprocessing = 0;
		};
/* End PBXSourcesBuildPhase section */

/* Begin PBXTargetDependency section */
		3AF765162B96610B008C2FA3 /* PBXTargetDependency */ = {
			isa = PBXTargetDependency;
			target = 3AF765032B966108008C2FA3 /* StatBeastHoops */;
			targetProxy = 3AF765152B96610B008C2FA3 /* PBXContainerItemProxy */;
		};
		3AF765202B96610C008C2FA3 /* PBXTargetDependency */ = {
			isa = PBXTargetDependency;
			target = 3AF765032B966108008C2FA3 /* StatBeastHoops */;
			targetProxy = 3AF7651F2B96610C008C2FA3 /* PBXContainerItemProxy */;
		};
/* End PBXTargetDependency section */

/* Begin XCBuildConfiguration section */
		3AF765262B96610C008C2FA3 /* Debug */ = {
			isa = XCBuildConfiguration;
			buildSettings = {
				ALWAYS_SEARCH_USER_PATHS = NO;
				ASSETCATALOG_COMPILER_GENERATE_SWIFT_ASSET_SYMBOL_EXTENSIONS = YES;
				CLANG_ANALYZER_NONNULL = YES;
				CLANG_ANALYZER_NUMBER_OBJECT_CONVERSION = YES_AGGRESSIVE;
				CLANG_CXX_LANGUAGE_STANDARD = "gnu++20";
				CLANG_ENABLE_MODULES = YES;
				CLANG_ENABLE_OBJC_ARC = YES;
				CLANG_ENABLE_OBJC_WEAK = YES;
				CLANG_WARN_BLOCK_CAPTURE_AUTORELEASING = YES;
				CLANG_WARN_BOOL_CONVERSION = YES;
				CLANG_WARN_COMMA = YES;
				CLANG_WARN_CONSTANT_CONVERSION = YES;
				CLANG_WARN_DEPRECATED_OBJC_IMPLEMENTATIONS = YES;
				CLANG_WARN_DIRECT_OBJC_ISA_USAGE = YES_ERROR;
				CLANG_WARN_DOCUMENTATION_COMMENTS = YES;
				CLANG_WARN_EMPTY_BODY = YES;
				CLANG_WARN_ENUM_CONVERSION = YES;
				CLANG_WARN_INFINITE_RECURSION = YES;
				CLANG_WARN_INT_CONVERSION = YES;
				CLANG_WARN_NON_LITERAL_NULL_CONVERSION = YES;
				CLANG_WARN_OBJC_IMPLICIT_RETAIN_SELF = YES;
				CLANG_WARN_OBJC_LITERAL_CONVERSION = YES;
				CLANG_WARN_OBJC_ROOT_CLASS = YES_ERROR;
				CLANG_WARN_QUOTED_INCLUDE_IN_FRAMEWORK_HEADER = YES;
				CLANG_WARN_RANGE_LOOP_ANALYSIS = YES;
				CLANG_WARN_STRICT_PROTOTYPES = YES;
				CLANG_WARN_SUSPICIOUS_MOVE = YES;
				CLANG_WARN_UNGUARDED_AVAILABILITY = YES_AGGRESSIVE;
				CLANG_WARN_UNREACHABLE_CODE = YES;
				CLANG_WARN__DUPLICATE_METHOD_MATCH = YES;
				COPY_PHASE_STRIP = NO;
				DEBUG_INFORMATION_FORMAT = dwarf;
				ENABLE_STRICT_OBJC_MSGSEND = YES;
				ENABLE_TESTABILITY = YES;
				ENABLE_USER_SCRIPT_SANDBOXING = YES;
				GCC_C_LANGUAGE_STANDARD = gnu17;
				GCC_DYNAMIC_NO_PIC = NO;
				GCC_NO_COMMON_BLOCKS = YES;
				GCC_OPTIMIZATION_LEVEL = 0;
				GCC_PREPROCESSOR_DEFINITIONS = (
					"DEBUG=1",
					"$(inherited)",
				);
				GCC_WARN_64_TO_32_BIT_CONVERSION = YES;
				GCC_WARN_ABOUT_RETURN_TYPE = YES_ERROR;
				GCC_WARN_UNDECLARED_SELECTOR = YES;
				GCC_WARN_UNINITIALIZED_AUTOS = YES_AGGRESSIVE;
				GCC_WARN_UNUSED_FUNCTION = YES;
				GCC_WARN_UNUSED_VARIABLE = YES;
				IPHONEOS_DEPLOYMENT_TARGET = 17.2;
				LOCALIZATION_PREFERS_STRING_CATALOGS = YES;
				MTL_ENABLE_DEBUG_INFO = INCLUDE_SOURCE;
				MTL_FAST_MATH = YES;
				ONLY_ACTIVE_ARCH = YES;
				SDKROOT = iphoneos;
				SWIFT_ACTIVE_COMPILATION_CONDITIONS = "DEBUG $(inherited)";
				SWIFT_OPTIMIZATION_LEVEL = "-Onone";
			};
			name = Debug;
		};
		3AF765272B96610C008C2FA3 /* Release */ = {
			isa = XCBuildConfiguration;
			buildSettings = {
				ALWAYS_SEARCH_USER_PATHS = NO;
				ASSETCATALOG_COMPILER_GENERATE_SWIFT_ASSET_SYMBOL_EXTENSIONS = YES;
				CLANG_ANALYZER_NONNULL = YES;
				CLANG_ANALYZER_NUMBER_OBJECT_CONVERSION = YES_AGGRESSIVE;
				CLANG_CXX_LANGUAGE_STANDARD = "gnu++20";
				CLANG_ENABLE_MODULES = YES;
				CLANG_ENABLE_OBJC_ARC = YES;
				CLANG_ENABLE_OBJC_WEAK = YES;
				CLANG_WARN_BLOCK_CAPTURE_AUTORELEASING = YES;
				CLANG_WARN_BOOL_CONVERSION = YES;
				CLANG_WARN_COMMA = YES;
				CLANG_WARN_CONSTANT_CONVERSION = YES;
				CLANG_WARN_DEPRECATED_OBJC_IMPLEMENTATIONS = YES;
				CLANG_WARN_DIRECT_OBJC_ISA_USAGE = YES_ERROR;
				CLANG_WARN_DOCUMENTATION_COMMENTS = YES;
				CLANG_WARN_EMPTY_BODY = YES;
				CLANG_WARN_ENUM_CONVERSION = YES;
				CLANG_WARN_INFINITE_RECURSION = YES;
				CLANG_WARN_INT_CONVERSION = YES;
				CLANG_WARN_NON_LITERAL_NULL_CONVERSION = YES;
				CLANG_WARN_OBJC_IMPLICIT_RETAIN_SELF = YES;
				CLANG_WARN_OBJC_LITERAL_CONVERSION = YES;
				CLANG_WARN_OBJC_ROOT_CLASS = YES_ERROR;
				CLANG_WARN_QUOTED_INCLUDE_IN_FRAMEWORK_HEADER = YES;
				CLANG_WARN_RANGE_LOOP_ANALYSIS = YES;
				CLANG_WARN_STRICT_PROTOTYPES = YES;
				CLANG_WARN_SUSPICIOUS_MOVE = YES;
				CLANG_WARN_UNGUARDED_AVAILABILITY = YES_AGGRESSIVE;
				CLANG_WARN_UNREACHABLE_CODE = YES;
				CLANG_WARN__DUPLICATE_METHOD_MATCH = YES;
				COPY_PHASE_STRIP = NO;
				DEBUG_INFORMATION_FORMAT = "dwarf-with-dsym";
				ENABLE_NS_ASSERTIONS = NO;
				ENABLE_STRICT_OBJC_MSGSEND = YES;
				ENABLE_USER_SCRIPT_SANDBOXING = YES;
				GCC_C_LANGUAGE_STANDARD = gnu17;
				GCC_NO_COMMON_BLOCKS = YES;
				GCC_WARN_64_TO_32_BIT_CONVERSION = YES;
				GCC_WARN_ABOUT_RETURN_TYPE = YES_ERROR;
				GCC_WARN_UNDECLARED_SELECTOR = YES;
				GCC_WARN_UNINITIALIZED_AUTOS = YES_AGGRESSIVE;
				GCC_WARN_UNUSED_FUNCTION = YES;
				GCC_WARN_UNUSED_VARIABLE = YES;
				IPHONEOS_DEPLOYMENT_TARGET = 17.2;
				LOCALIZATION_PREFERS_STRING_CATALOGS = YES;
				MTL_ENABLE_DEBUG_INFO = NO;
				MTL_FAST_MATH = YES;
				SDKROOT = iphoneos;
				SWIFT_COMPILATION_MODE = wholemodule;
				VALIDATE_PRODUCT = YES;
			};
			name = Release;
		};
		3AF765292B96610C008C2FA3 /* Debug */ = {
			isa = XCBuildConfiguration;
			buildSettings = {
				ASSETCATALOG_COMPILER_APPICON_NAME = AppIcon;
				ASSETCATALOG_COMPILER_GLOBAL_ACCENT_COLOR_NAME = AccentColor;
				CODE_SIGN_STYLE = Automatic;
				CURRENT_PROJECT_VERSION = 1;
				DEVELOPMENT_ASSET_PATHS = "\"StatBeastHoops/Preview Content\"";
				DEVELOPMENT_TEAM = 2Q6N42G82W;
				ENABLE_PREVIEWS = YES;
				GENERATE_INFOPLIST_FILE = YES;
				INFOPLIST_KEY_UIApplicationSceneManifest_Generation = YES;
				INFOPLIST_KEY_UIApplicationSupportsIndirectInputEvents = YES;
				INFOPLIST_KEY_UILaunchScreen_Generation = YES;
				INFOPLIST_KEY_UISupportedInterfaceOrientations_iPad = "UIInterfaceOrientationPortrait UIInterfaceOrientationPortraitUpsideDown UIInterfaceOrientationLandscapeLeft UIInterfaceOrientationLandscapeRight";
				INFOPLIST_KEY_UISupportedInterfaceOrientations_iPhone = "UIInterfaceOrientationPortrait UIInterfaceOrientationLandscapeLeft UIInterfaceOrientationLandscapeRight";
				LD_RUNPATH_SEARCH_PATHS = (
					"$(inherited)",
					"@executable_path/Frameworks",
				);
				MARKETING_VERSION = 1.0;
				PRODUCT_BUNDLE_IDENTIFIER = com.digitalgdesigns.StatBeastHoops;
				PRODUCT_NAME = "$(TARGET_NAME)";
				SWIFT_EMIT_LOC_STRINGS = YES;
				SWIFT_VERSION = 5.0;
				TARGETED_DEVICE_FAMILY = "1,2";
			};
			name = Debug;
		};
		3AF7652A2B96610C008C2FA3 /* Release */ = {
			isa = XCBuildConfiguration;
			buildSettings = {
				ASSETCATALOG_COMPILER_APPICON_NAME = AppIcon;
				ASSETCATALOG_COMPILER_GLOBAL_ACCENT_COLOR_NAME = AccentColor;
				CODE_SIGN_STYLE = Automatic;
				CURRENT_PROJECT_VERSION = 1;
				DEVELOPMENT_ASSET_PATHS = "\"StatBeastHoops/Preview Content\"";
				DEVELOPMENT_TEAM = 2Q6N42G82W;
				ENABLE_PREVIEWS = YES;
				GENERATE_INFOPLIST_FILE = YES;
				INFOPLIST_KEY_UIApplicationSceneManifest_Generation = YES;
				INFOPLIST_KEY_UIApplicationSupportsIndirectInputEvents = YES;
				INFOPLIST_KEY_UILaunchScreen_Generation = YES;
				INFOPLIST_KEY_UISupportedInterfaceOrientations_iPad = "UIInterfaceOrientationPortrait UIInterfaceOrientationPortraitUpsideDown UIInterfaceOrientationLandscapeLeft UIInterfaceOrientationLandscapeRight";
				INFOPLIST_KEY_UISupportedInterfaceOrientations_iPhone = "UIInterfaceOrientationPortrait UIInterfaceOrientationLandscapeLeft UIInterfaceOrientationLandscapeRight";
				LD_RUNPATH_SEARCH_PATHS = (
					"$(inherited)",
					"@executable_path/Frameworks",
				);
				MARKETING_VERSION = 1.0;
				PRODUCT_BUNDLE_IDENTIFIER = com.digitalgdesigns.StatBeastHoops;
				PRODUCT_NAME = "$(TARGET_NAME)";
				SWIFT_EMIT_LOC_STRINGS = YES;
				SWIFT_VERSION = 5.0;
				TARGETED_DEVICE_FAMILY = "1,2";
			};
			name = Release;
		};
		3AF7652C2B96610C008C2FA3 /* Debug */ = {
			isa = XCBuildConfiguration;
			buildSettings = {
				ALWAYS_EMBED_SWIFT_STANDARD_LIBRARIES = YES;
				BUNDLE_LOADER = "$(TEST_HOST)";
				CODE_SIGN_STYLE = Automatic;
				CURRENT_PROJECT_VERSION = 1;
				DEVELOPMENT_TEAM = 2Q6N42G82W;
				GENERATE_INFOPLIST_FILE = YES;
				IPHONEOS_DEPLOYMENT_TARGET = 17.2;
				MARKETING_VERSION = 1.0;
				PRODUCT_BUNDLE_IDENTIFIER = com.digitalgdesigns.StatBeastHoopsTests;
				PRODUCT_NAME = "$(TARGET_NAME)";
				SWIFT_EMIT_LOC_STRINGS = NO;
				SWIFT_VERSION = 5.0;
				TARGETED_DEVICE_FAMILY = "1,2";
				TEST_HOST = "$(BUILT_PRODUCTS_DIR)/StatBeastHoops.app/$(BUNDLE_EXECUTABLE_FOLDER_PATH)/StatBeastHoops";
			};
			name = Debug;
		};
		3AF7652D2B96610C008C2FA3 /* Release */ = {
			isa = XCBuildConfiguration;
			buildSettings = {
				ALWAYS_EMBED_SWIFT_STANDARD_LIBRARIES = YES;
				BUNDLE_LOADER = "$(TEST_HOST)";
				CODE_SIGN_STYLE = Automatic;
				CURRENT_PROJECT_VERSION = 1;
				DEVELOPMENT_TEAM = 2Q6N42G82W;
				GENERATE_INFOPLIST_FILE = YES;
				IPHONEOS_DEPLOYMENT_TARGET = 17.2;
				MARKETING_VERSION = 1.0;
				PRODUCT_BUNDLE_IDENTIFIER = com.digitalgdesigns.StatBeastHoopsTests;
				PRODUCT_NAME = "$(TARGET_NAME)";
				SWIFT_EMIT_LOC_STRINGS = NO;
				SWIFT_VERSION = 5.0;
				TARGETED_DEVICE_FAMILY = "1,2";
				TEST_HOST = "$(BUILT_PRODUCTS_DIR)/StatBeastHoops.app/$(BUNDLE_EXECUTABLE_FOLDER_PATH)/StatBeastHoops";
			};
			name = Release;
		};
		3AF7652F2B96610C008C2FA3 /* Debug */ = {
			isa = XCBuildConfiguration;
			buildSettings = {
				ALWAYS_EMBED_SWIFT_STANDARD_LIBRARIES = YES;
				CODE_SIGN_STYLE = Automatic;
				CURRENT_PROJECT_VERSION = 1;
				DEVELOPMENT_TEAM = 2Q6N42G82W;
				GENERATE_INFOPLIST_FILE = YES;
				MARKETING_VERSION = 1.0;
				PRODUCT_BUNDLE_IDENTIFIER = com.digitalgdesigns.StatBeastHoopsUITests;
				PRODUCT_NAME = "$(TARGET_NAME)";
				SWIFT_EMIT_LOC_STRINGS = NO;
				SWIFT_VERSION = 5.0;
				TARGETED_DEVICE_FAMILY = "1,2";
				TEST_TARGET_NAME = StatBeastHoops;
			};
			name = Debug;
		};
		3AF765302B96610C008C2FA3 /* Release */ = {
			isa = XCBuildConfiguration;
			buildSettings = {
				ALWAYS_EMBED_SWIFT_STANDARD_LIBRARIES = YES;
				CODE_SIGN_STYLE = Automatic;
				CURRENT_PROJECT_VERSION = 1;
				DEVELOPMENT_TEAM = 2Q6N42G82W;
				GENERATE_INFOPLIST_FILE = YES;
				MARKETING_VERSION = 1.0;
				PRODUCT_BUNDLE_IDENTIFIER = com.digitalgdesigns.StatBeastHoopsUITests;
				PRODUCT_NAME = "$(TARGET_NAME)";
				SWIFT_EMIT_LOC_STRINGS = NO;
				SWIFT_VERSION = 5.0;
				TARGETED_DEVICE_FAMILY = "1,2";
				TEST_TARGET_NAME = StatBeastHoops;
			};
			name = Release;
		};
/* End XCBuildConfiguration section */

/* Begin XCConfigurationList section */
		3AF764FF2B966108008C2FA3 /* Build configuration list for PBXProject "StatBeastHoops" */ = {
			isa = XCConfigurationList;
			buildConfigurations = (
				3AF765262B96610C008C2FA3 /* Debug */,
				3AF765272B96610C008C2FA3 /* Release */,
			);
			defaultConfigurationIsVisible = 0;
			defaultConfigurationName = Release;
		};
		3AF765282B96610C008C2FA3 /* Build configuration list for PBXNativeTarget "StatBeastHoops" */ = {
			isa = XCConfigurationList;
			buildConfigurations = (
				3AF765292B96610C008C2FA3 /* Debug */,
				3AF7652A2B96610C008C2FA3 /* Release */,
			);
			defaultConfigurationIsVisible = 0;
			defaultConfigurationName = Release;
		};
		3AF7652B2B96610C008C2FA3 /* Build configuration list for PBXNativeTarget "StatBeastHoopsTests" */ = {
			isa = XCConfigurationList;
			buildConfigurations = (
				3AF7652C2B96610C008C2FA3 /* Debug */,
				3AF7652D2B96610C008C2FA3 /* Release */,
			);
			defaultConfigurationIsVisible = 0;
			defaultConfigurationName = Release;
		};
		3AF7652E2B96610C008C2FA3 /* Build configuration list for PBXNativeTarget "StatBeastHoopsUITests" */ = {
			isa = XCConfigurationList;
			buildConfigurations = (
				3AF7652F2B96610C008C2FA3 /* Debug */,
				3AF765302B96610C008C2FA3 /* Release */,
			);
			defaultConfigurationIsVisible = 0;
			defaultConfigurationName = Release;
		};
/* End XCConfigurationList section */

/* Begin XCRemoteSwiftPackageReference section */
		3ACB6E3A2BA3286A0030C24A /* XCRemoteSwiftPackageReference "ColorKit" */ = {
			isa = XCRemoteSwiftPackageReference;
			repositoryURL = "https://github.com/Boris-Em/ColorKit.git";
			requirement = {
				branch = master;
				kind = branch;
			};
		};
/* End XCRemoteSwiftPackageReference section */

/* Begin XCSwiftPackageProductDependency section */
		3ACB6E3B2BA3286A0030C24A /* ColorKit */ = {
			isa = XCSwiftPackageProductDependency;
			package = 3ACB6E3A2BA3286A0030C24A /* XCRemoteSwiftPackageReference "ColorKit" */;
			productName = ColorKit;
		};
/* End XCSwiftPackageProductDependency section */
	};
	rootObject = 3AF764FC2B966108008C2FA3 /* Project object */;
}
